
Microsoft Visual Studio Solution File, Format Version 12.00
# Visual Studio Version 17
VisualStudioVersion = 17.5.33530.505
MinimumVisualStudioVersion = 10.0.40219.1
Project("{9A19103F-16F7-4668-BE54-9A1E7A4F7556}") = "测试项目", "测试项目.csproj", "{7EC09B27-1B45-4E3E-A02F-E11332B4763D}"
EndProject
Project("{9A19103F-16F7-4668-BE54-9A1E7A4F7556}") = "10 输入输出", "..\第一个程序\10 输入输出.csproj", "{D45B6C1F-51E7-4086-BD39-F719D5B4CB36}"
EndProject
Project("{9A19103F-16F7-4668-BE54-9A1E7A4F7556}") = "11输入输出习题", "..\11输入输出习题\11输入输出习题.csproj", "{7B573643-E5C3-464A-925C-80EE10BE6C55}"
EndProject
Project("{9A19103F-16F7-4668-BE54-9A1E7A4F7556}") = "12变量习题", "..\_12变量\12变量习题.csproj", "{83F28FA4-E53D-4B27-9125-FB70D6EA80CF}"
EndProject
Project("{9A19103F-16F7-4668-BE54-9A1E7A4F7556}") = "14变量本质", "..\14变量本质\14变量本质.csproj", "{1E6E38B8-2063-429B-A7C8-6B0459E5D68D}"
EndProject
Project("{9A19103F-16F7-4668-BE54-9A1E7A4F7556}") = "16命名规范练习", "..\16命名规范练习\16命名规范练习.csproj", "{76DF5C34-8102-4CFF-9FF3-C6EFA875AAC1}"
EndProject
Project("{9A19103F-16F7-4668-BE54-9A1E7A4F7556}") = "18命名规范和转义符", "..\18命名规范和转义符\18命名规范和转义符.csproj", "{BEA40B42-E01F-4CB5-936C-7AC52F43445F}"
EndProject
Project("{9A19103F-16F7-4668-BE54-9A1E7A4F7556}") = "22类型转换", "..\22类型转换\22类型转换.csproj", "{30C8C4B1-A88E-4060-A4BA-150C4E5D6F7E}"
EndProject
Project("{9A19103F-16F7-4668-BE54-9A1E7A4F7556}") = "26异常捕获", "..\26异常捕获\26异常捕获.csproj", "{486E3332-CA53-485C-B5B8-63FF029FF749}"
EndProject
Project("{9A19103F-16F7-4668-BE54-9A1E7A4F7556}") = "28算数运算符", "..\28算数运算符\28算数运算符.csproj", "{1F5015FE-C0F8-4B81-B54A-D566288FB3F5}"
EndProject
Project("{9A19103F-16F7-4668-BE54-9A1E7A4F7556}") = "30 字符串拼接", "..\30 字符串拼接\30 字符串拼接.csproj", "{A4B30FB1-4061-4587-8B3D-19832A63DD6E}"
EndProject
Project("{9A19103F-16F7-4668-BE54-9A1E7A4F7556}") = "32关系运算符", "..\32条件运算符\32关系运算符.csproj", "{BA3F9B6A-B4A0-49AC-AFB2-6C436D5450C6}"
EndProject
Project("{9A19103F-16F7-4668-BE54-9A1E7A4F7556}") = "33逻辑运算符", "..\33逻辑运算符\33逻辑运算符.csproj", "{A47E0412-D1F5-4B4F-8AF2-4BAF55B86797}"
EndProject
Project("{9A19103F-16F7-4668-BE54-9A1E7A4F7556}") = "其他运算符", "..\其他运算符\其他运算符.csproj", "{ED99008A-B67B-4607-A0C2-F6EAA896D593}"
EndProject
Project("{9A19103F-16F7-4668-BE54-9A1E7A4F7556}") = "判断语句", "..\判断语句\判断语句.csproj", "{908EC9D3-9409-4700-B9F8-0324B1863AB7}"
EndProject
Project("{9A19103F-16F7-4668-BE54-9A1E7A4F7556}") = "判断Switch", "..\循环switch\判断Switch.csproj", "{9D8850EB-3811-4E3A-A582-ACF83F09A1CC}"
EndProject
Project("{9A19103F-16F7-4668-BE54-9A1E7A4F7556}") = "循环While", "..\循环While\循环While.csproj", "{F2E258E9-63AA-4C70-9141-F62D989AACAC}"
EndProject
Project("{9A19103F-16F7-4668-BE54-9A1E7A4F7556}") = "循环DoWhile", "..\DoWhile\循环DoWhile.csproj", "{5E2F814A-E5A6-4ADF-90D4-B5E0404FA05A}"
EndProject
Project("{9A19103F-16F7-4668-BE54-9A1E7A4F7556}") = "循环For", "..\循环For\循环For.csproj", "{6A942CBE-4B1B-4DBB-88CC-61586F1C68CC}"
EndProject
Project("{9A19103F-16F7-4668-BE54-9A1E7A4F7556}") = "控制台补充", "..\控制台补充\控制台补充.csproj", "{C433748E-B4AD-4081-AACE-48138CFEB2AC}"
EndProject
Project("{9A19103F-16F7-4668-BE54-9A1E7A4F7556}") = "控制台习题", "..\控制台习题\控制台习题.csproj", "{E15BAD9A-C71B-4A66-AB65-732B31D9A86C}"
EndProject
Project("{9A19103F-16F7-4668-BE54-9A1E7A4F7556}") = "随机数", "..\随机数\随机数.csproj", "{32F33340-DCF4-469B-A29B-07ED3B4D84AE}"
EndProject
Project("{9A19103F-16F7-4668-BE54-9A1E7A4F7556}") = "项目调试", "..\项目调试\项目调试.csproj", "{05AAAA93-3032-4DB0-8161-328181B62321}"
EndProject
Project("{9A19103F-16F7-4668-BE54-9A1E7A4F7556}") = "营救公主游戏", "..\营救公主游戏\营救公主游戏.csproj", "{E6658BB5-D77D-43B2-9914-CBA213F1B4D8}"
EndProject
Global
	GlobalSection(SolutionConfigurationPlatforms) = preSolution
		Debug|Any CPU = Debug|Any CPU
		Release|Any CPU = Release|Any CPU
	EndGlobalSection
	GlobalSection(ProjectConfigurationPlatforms) = postSolution
		{7EC09B27-1B45-4E3E-A02F-E11332B4763D}.Debug|Any CPU.ActiveCfg = Debug|Any CPU
		{7EC09B27-1B45-4E3E-A02F-E11332B4763D}.Debug|Any CPU.Build.0 = Debug|Any CPU
		{7EC09B27-1B45-4E3E-A02F-E11332B4763D}.Release|Any CPU.ActiveCfg = Release|Any CPU
		{7EC09B27-1B45-4E3E-A02F-E11332B4763D}.Release|Any CPU.Build.0 = Release|Any CPU
		{D45B6C1F-51E7-4086-BD39-F719D5B4CB36}.Debug|Any CPU.ActiveCfg = Debug|Any CPU
		{D45B6C1F-51E7-4086-BD39-F719D5B4CB36}.Debug|Any CPU.Build.0 = Debug|Any CPU
		{D45B6C1F-51E7-4086-BD39-F719D5B4CB36}.Release|Any CPU.ActiveCfg = Release|Any CPU
		{D45B6C1F-51E7-4086-BD39-F719D5B4CB36}.Release|Any CPU.Build.0 = Release|Any CPU
		{7B573643-E5C3-464A-925C-80EE10BE6C55}.Debug|Any CPU.ActiveCfg = Debug|Any CPU
		{7B573643-E5C3-464A-925C-80EE10BE6C55}.Debug|Any CPU.Build.0 = Debug|Any CPU
		{7B573643-E5C3-464A-925C-80EE10BE6C55}.Release|Any CPU.ActiveCfg = Release|Any CPU
		{7B573643-E5C3-464A-925C-80EE10BE6C55}.Release|Any CPU.Build.0 = Release|Any CPU
		{83F28FA4-E53D-4B27-9125-FB70D6EA80CF}.Debug|Any CPU.ActiveCfg = Debug|Any CPU
		{83F28FA4-E53D-4B27-9125-FB70D6EA80CF}.Debug|Any CPU.Build.0 = Debug|Any CPU
		{83F28FA4-E53D-4B27-9125-FB70D6EA80CF}.Release|Any CPU.ActiveCfg = Release|Any CPU
		{83F28FA4-E53D-4B27-9125-FB70D6EA80CF}.Release|Any CPU.Build.0 = Release|Any CPU
		{1E6E38B8-2063-429B-A7C8-6B0459E5D68D}.Debug|Any CPU.ActiveCfg = Debug|Any CPU
		{1E6E38B8-2063-429B-A7C8-6B0459E5D68D}.Debug|Any CPU.Build.0 = Debug|Any CPU
		{1E6E38B8-2063-429B-A7C8-6B0459E5D68D}.Release|Any CPU.ActiveCfg = Release|Any CPU
		{1E6E38B8-2063-429B-A7C8-6B0459E5D68D}.Release|Any CPU.Build.0 = Release|Any CPU
		{76DF5C34-8102-4CFF-9FF3-C6EFA875AAC1}.Debug|Any CPU.ActiveCfg = Debug|Any CPU
		{76DF5C34-8102-4CFF-9FF3-C6EFA875AAC1}.Debug|Any CPU.Build.0 = Debug|Any CPU
		{76DF5C34-8102-4CFF-9FF3-C6EFA875AAC1}.Release|Any CPU.ActiveCfg = Release|Any CPU
		{76DF5C34-8102-4CFF-9FF3-C6EFA875AAC1}.Release|Any CPU.Build.0 = Release|Any CPU
		{BEA40B42-E01F-4CB5-936C-7AC52F43445F}.Debug|Any CPU.ActiveCfg = Debug|Any CPU
		{BEA40B42-E01F-4CB5-936C-7AC52F43445F}.Debug|Any CPU.Build.0 = Debug|Any CPU
		{BEA40B42-E01F-4CB5-936C-7AC52F43445F}.Release|Any CPU.ActiveCfg = Release|Any CPU
		{BEA40B42-E01F-4CB5-936C-7AC52F43445F}.Release|Any CPU.Build.0 = Release|Any CPU
		{30C8C4B1-A88E-4060-A4BA-150C4E5D6F7E}.Debug|Any CPU.ActiveCfg = Debug|Any CPU
		{30C8C4B1-A88E-4060-A4BA-150C4E5D6F7E}.Debug|Any CPU.Build.0 = Debug|Any CPU
		{30C8C4B1-A88E-4060-A4BA-150C4E5D6F7E}.Release|Any CPU.ActiveCfg = Release|Any CPU
		{30C8C4B1-A88E-4060-A4BA-150C4E5D6F7E}.Release|Any CPU.Build.0 = Release|Any CPU
		{486E3332-CA53-485C-B5B8-63FF029FF749}.Debug|Any CPU.ActiveCfg = Debug|Any CPU
		{486E3332-CA53-485C-B5B8-63FF029FF749}.Debug|Any CPU.Build.0 = Debug|Any CPU
		{486E3332-CA53-485C-B5B8-63FF029FF749}.Release|Any CPU.ActiveCfg = Release|Any CPU
		{486E3332-CA53-485C-B5B8-63FF029FF749}.Release|Any CPU.Build.0 = Release|Any CPU
		{1F5015FE-C0F8-4B81-B54A-D566288FB3F5}.Debug|Any CPU.ActiveCfg = Debug|Any CPU
		{1F5015FE-C0F8-4B81-B54A-D566288FB3F5}.Debug|Any CPU.Build.0 = Debug|Any CPU
		{1F5015FE-C0F8-4B81-B54A-D566288FB3F5}.Release|Any CPU.ActiveCfg = Release|Any CPU
		{1F5015FE-C0F8-4B81-B54A-D566288FB3F5}.Release|Any CPU.Build.0 = Release|Any CPU
		{A4B30FB1-4061-4587-8B3D-19832A63DD6E}.Debug|Any CPU.ActiveCfg = Debug|Any CPU
		{A4B30FB1-4061-4587-8B3D-19832A63DD6E}.Debug|Any CPU.Build.0 = Debug|Any CPU
		{A4B30FB1-4061-4587-8B3D-19832A63DD6E}.Release|Any CPU.ActiveCfg = Release|Any CPU
		{A4B30FB1-4061-4587-8B3D-19832A63DD6E}.Release|Any CPU.Build.0 = Release|Any CPU
		{BA3F9B6A-B4A0-49AC-AFB2-6C436D5450C6}.Debug|Any CPU.ActiveCfg = Debug|Any CPU
		{BA3F9B6A-B4A0-49AC-AFB2-6C436D5450C6}.Debug|Any CPU.Build.0 = Debug|Any CPU
		{BA3F9B6A-B4A0-49AC-AFB2-6C436D5450C6}.Release|Any CPU.ActiveCfg = Release|Any CPU
		{BA3F9B6A-B4A0-49AC-AFB2-6C436D5450C6}.Release|Any CPU.Build.0 = Release|Any CPU
		{A47E0412-D1F5-4B4F-8AF2-4BAF55B86797}.Debug|Any CPU.ActiveCfg = Debug|Any CPU
		{A47E0412-D1F5-4B4F-8AF2-4BAF55B86797}.Debug|Any CPU.Build.0 = Debug|Any CPU
		{A47E0412-D1F5-4B4F-8AF2-4BAF55B86797}.Release|Any CPU.ActiveCfg = Release|Any CPU
		{A47E0412-D1F5-4B4F-8AF2-4BAF55B86797}.Release|Any CPU.Build.0 = Release|Any CPU
		{ED99008A-B67B-4607-A0C2-F6EAA896D593}.Debug|Any CPU.ActiveCfg = Debug|Any CPU
		{ED99008A-B67B-4607-A0C2-F6EAA896D593}.Debug|Any CPU.Build.0 = Debug|Any CPU
		{ED99008A-B67B-4607-A0C2-F6EAA896D593}.Release|Any CPU.ActiveCfg = Release|Any CPU
		{ED99008A-B67B-4607-A0C2-F6EAA896D593}.Release|Any CPU.Build.0 = Release|Any CPU
		{908EC9D3-9409-4700-B9F8-0324B1863AB7}.Debug|Any CPU.ActiveCfg = Debug|Any CPU
		{908EC9D3-9409-4700-B9F8-0324B1863AB7}.Debug|Any CPU.Build.0 = Debug|Any CPU
		{908EC9D3-9409-4700-B9F8-0324B1863AB7}.Release|Any CPU.ActiveCfg = Release|Any CPU
		{908EC9D3-9409-4700-B9F8-0324B1863AB7}.Release|Any CPU.Build.0 = Release|Any CPU
		{9D8850EB-3811-4E3A-A582-ACF83F09A1CC}.Debug|Any CPU.ActiveCfg = Debug|Any CPU
		{9D8850EB-3811-4E3A-A582-ACF83F09A1CC}.Debug|Any CPU.Build.0 = Debug|Any CPU
		{9D8850EB-3811-4E3A-A582-ACF83F09A1CC}.Release|Any CPU.ActiveCfg = Release|Any CPU
		{9D8850EB-3811-4E3A-A582-ACF83F09A1CC}.Release|Any CPU.Build.0 = Release|Any CPU
		{F2E258E9-63AA-4C70-9141-F62D989AACAC}.Debug|Any CPU.ActiveCfg = Debug|Any CPU
		{F2E258E9-63AA-4C70-9141-F62D989AACAC}.Debug|Any CPU.Build.0 = Debug|Any CPU
		{F2E258E9-63AA-4C70-9141-F62D989AACAC}.Release|Any CPU.ActiveCfg = Release|Any CPU
		{F2E258E9-63AA-4C70-9141-F62D989AACAC}.Release|Any CPU.Build.0 = Release|Any CPU
		{5E2F814A-E5A6-4ADF-90D4-B5E0404FA05A}.Debug|Any CPU.ActiveCfg = Debug|Any CPU
		{5E2F814A-E5A6-4ADF-90D4-B5E0404FA05A}.Debug|Any CPU.Build.0 = Debug|Any CPU
		{5E2F814A-E5A6-4ADF-90D4-B5E0404FA05A}.Release|Any CPU.ActiveCfg = Release|Any CPU
		{5E2F814A-E5A6-4ADF-90D4-B5E0404FA05A}.Release|Any CPU.Build.0 = Release|Any CPU
		{6A942CBE-4B1B-4DBB-88CC-61586F1C68CC}.Debug|Any CPU.ActiveCfg = Debug|Any CPU
		{6A942CBE-4B1B-4DBB-88CC-61586F1C68CC}.Debug|Any CPU.Build.0 = Debug|Any CPU
		{6A942CBE-4B1B-4DBB-88CC-61586F1C68CC}.Release|Any CPU.ActiveCfg = Release|Any CPU
		{6A942CBE-4B1B-4DBB-88CC-61586F1C68CC}.Release|Any CPU.Build.0 = Release|Any CPU
		{C433748E-B4AD-4081-AACE-48138CFEB2AC}.Debug|Any CPU.ActiveCfg = Debug|Any CPU
		{C433748E-B4AD-4081-AACE-48138CFEB2AC}.Debug|Any CPU.Build.0 = Debug|Any CPU
		{C433748E-B4AD-4081-AACE-48138CFEB2AC}.Release|Any CPU.ActiveCfg = Release|Any CPU
		{C433748E-B4AD-4081-AACE-48138CFEB2AC}.Release|Any CPU.Build.0 = Release|Any CPU
		{E15BAD9A-C71B-4A66-AB65-732B31D9A86C}.Debug|Any CPU.ActiveCfg = Debug|Any CPU
		{E15BAD9A-C71B-4A66-AB65-732B31D9A86C}.Debug|Any CPU.Build.0 = Debug|Any CPU
		{E15BAD9A-C71B-4A66-AB65-732B31D9A86C}.Release|Any CPU.ActiveCfg = Release|Any CPU
		{E15BAD9A-C71B-4A66-AB65-732B31D9A86C}.Release|Any CPU.Build.0 = Release|Any CPU
		{32F33340-DCF4-469B-A29B-07ED3B4D84AE}.Debug|Any CPU.ActiveCfg = Debug|Any CPU
		{32F33340-DCF4-469B-A29B-07ED3B4D84AE}.Debug|Any CPU.Build.0 = Debug|Any CPU
		{32F33340-DCF4-469B-A29B-07ED3B4D84AE}.Release|Any CPU.ActiveCfg = Release|Any CPU
		{32F33340-DCF4-469B-A29B-07ED3B4D84AE}.Release|Any CPU.Build.0 = Release|Any CPU
		{05AAAA93-3032-4DB0-8161-328181B62321}.Debug|Any CPU.ActiveCfg = Debug|Any CPU
		{05AAAA93-3032-4DB0-8161-328181B62321}.Debug|Any CPU.Build.0 = Debug|Any CPU
		{05AAAA93-3032-4DB0-8161-328181B62321}.Release|Any CPU.ActiveCfg = Release|Any CPU
		{05AAAA93-3032-4DB0-8161-328181B62321}.Release|Any CPU.Build.0 = Release|Any CPU
		{E6658BB5-D77D-43B2-9914-CBA213F1B4D8}.Debug|Any CPU.ActiveCfg = Debug|Any CPU
		{E6658BB5-D77D-43B2-9914-CBA213F1B4D8}.Debug|Any CPU.Build.0 = Debug|Any CPU
		{E6658BB5-D77D-43B2-9914-CBA213F1B4D8}.Release|Any CPU.ActiveCfg = Release|Any CPU
		{E6658BB5-D77D-43B2-9914-CBA213F1B4D8}.Release|Any CPU.Build.0 = Release|Any CPU
	EndGlobalSection
	GlobalSection(SolutionProperties) = preSolution
		HideSolutionNode = FALSE
	EndGlobalSection
	GlobalSection(ExtensibilityGlobals) = postSolution
		SolutionGuid = {34A36831-6D11-481D-AEF2-40F2B043E5E2}
	EndGlobalSection
EndGlobal
